
Microsoft Visual Studio Solution File, Format Version 12.00
# Visual Studio Version 17
VisualStudioVersion = 17.0.31903.59
MinimumVisualStudioVersion = 10.0.40219.1
Project("{2150E333-8FDC-42A3-9474-1A3956D46DE8}") = "apps", "apps", "{329D5E6A-78ED-44D8-A54F-F15E0514AA83}"
EndProject
Project("{2150E333-8FDC-42A3-9474-1A3956D46DE8}") = "api", "api", "{24D57BAE-301E-41C0-B0B8-437AAA6FE32F}"
EndProject
Project("{FAE04EC0-301F-11D3-BF4B-00C04F79EFBC}") = "Tradifai.Api", "apps\api\Tradifai.Api\Tradifai.Api.csproj", "{552ED9D1-15EB-451D-941D-7F80CE2DA0D7}"
EndProject
Project("{2150E333-8FDC-42A3-9474-1A3956D46DE8}") = "libs", "libs", "{4239B2DB-366F-43D2-836E-297BF58E320D}"
EndProject
Project("{2150E333-8FDC-42A3-9474-1A3956D46DE8}") = "domain", "domain", "{E601E748-0C67-4F69-872F-54B423322BB9}"
EndProject
Project("{2150E333-8FDC-42A3-9474-1A3956D46DE8}") = "marketdata", "marketdata", "{C8A444C7-EC74-4A07-97D9-0ABB0623F2B4}"
EndProject
Project("{FAE04EC0-301F-11D3-BF4B-00C04F79EFBC}") = "Tradifai.Domain.MarketData", "libs\domain\marketdata\Tradifai.Domain.MarketData\Tradifai.Domain.MarketData.csproj", "{111D418B-46C6-4901-AA12-0292F3D7ED42}"
EndProject
Project("{2150E333-8FDC-42A3-9474-1A3956D46DE8}") = "options-analytics", "options-analytics", "{7B9A50F8-24AC-47EE-AE86-60060E0A4776}"
EndProject
Project("{FAE04EC0-301F-11D3-BF4B-00C04F79EFBC}") = "Tradifai.Domain.OptionsAnalytics", "libs\domain\options-analytics\Tradifai.Domain.OptionsAnalytics\Tradifai.Domain.OptionsAnalytics.csproj", "{775D0F3E-700C-4D90-98D0-E5ECBE60A454}"
EndProject
Project("{2150E333-8FDC-42A3-9474-1A3956D46DE8}") = "paper-broker", "paper-broker", "{FD54EBD4-91C0-477B-A409-135E879696FE}"
EndProject
Project("{FAE04EC0-301F-11D3-BF4B-00C04F79EFBC}") = "Tradifai.Domain.PaperBroker", "libs\domain\paper-broker\Tradifai.Domain.PaperBroker\Tradifai.Domain.PaperBroker.csproj", "{0AF69653-0D9C-4B67-A1DF-67F435D70E4F}"
EndProject
Project("{2150E333-8FDC-42A3-9474-1A3956D46DE8}") = "recommendation", "recommendation", "{6D4128E9-86A1-4E18-AAA5-F4621AF9D5BE}"
EndProject
Project("{FAE04EC0-301F-11D3-BF4B-00C04F79EFBC}") = "Tradifai.Domain.Recommendation", "libs\domain\recommendation\Tradifai.Domain.Recommendation\Tradifai.Domain.Recommendation.csproj", "{6C09FEFC-0BE0-4F08-8E3A-A552F658AE5E}"
EndProject
Project("{2150E333-8FDC-42A3-9474-1A3956D46DE8}") = "education", "education", "{77D4D4BC-9CCD-413F-BC49-320C3C6B3A28}"
EndProject
Project("{FAE04EC0-301F-11D3-BF4B-00C04F79EFBC}") = "Tradifai.Domain.Education", "libs\domain\education\Tradifai.Domain.Education\Tradifai.Domain.Education.csproj", "{8A9BE35D-96A1-48DC-BFA5-EEF52B125E62}"
EndProject
Project("{2150E333-8FDC-42A3-9474-1A3956D46DE8}") = "identity", "identity", "{52476DD0-502D-4479-9884-6FA4C711A5F1}"
EndProject
Project("{FAE04EC0-301F-11D3-BF4B-00C04F79EFBC}") = "Tradifai.Domain.Identity", "libs\domain\identity\Tradifai.Domain.Identity\Tradifai.Domain.Identity.csproj", "{A97C1498-36C2-4E9E-B1BD-A440B8CCC47A}"
EndProject
Project("{2150E333-8FDC-42A3-9474-1A3956D46DE8}") = "application", "application", "{E495361C-483E-4373-9871-DC4203927761}"
EndProject
Project("{FAE04EC0-301F-11D3-BF4B-00C04F79EFBC}") = "Tradifai.Application", "libs\application\Tradifai.Application\Tradifai.Application.csproj", "{52B20D47-118D-41E4-A369-CC7DF0351993}"
EndProject
Project("{2150E333-8FDC-42A3-9474-1A3956D46DE8}") = "infrastructure", "infrastructure", "{46D4E24E-ABF9-4EB0-AAFF-8E5FDE4B60CF}"
EndProject
Project("{FAE04EC0-301F-11D3-BF4B-00C04F79EFBC}") = "Tradifai.Infrastructure", "libs\infrastructure\Tradifai.Infrastructure\Tradifai.Infrastructure.csproj", "{93271912-8406-4260-A8A8-60E08D6E3C61}"
EndProject
Project("{2150E333-8FDC-42A3-9474-1A3956D46DE8}") = "contracts", "contracts", "{A4F147FB-68C0-44C7-88D4-46F6195BBE46}"
EndProject
Project("{FAE04EC0-301F-11D3-BF4B-00C04F79EFBC}") = "Tradifai.Contracts", "libs\contracts\Tradifai.Contracts\Tradifai.Contracts.csproj", "{8673D7F3-C209-425B-AB5F-1670743827F6}"
EndProject
Project("{2150E333-8FDC-42A3-9474-1A3956D46DE8}") = "tests", "tests", "{8D841D99-A395-427F-A5D6-73D75AB146F5}"
EndProject
Project("{2150E333-8FDC-42A3-9474-1A3956D46DE8}") = "unit", "unit", "{4315A5D4-BA4E-4A5D-8CF4-A5652D1A9E83}"
EndProject
Project("{FAE04EC0-301F-11D3-BF4B-00C04F79EFBC}") = "Tradifai.Tests.Unit", "tests\unit\Tradifai.Tests.Unit\Tradifai.Tests.Unit.csproj", "{014B75F1-38CA-48D2-8111-19607DFA6D7A}"
EndProject
Project("{2150E333-8FDC-42A3-9474-1A3956D46DE8}") = "integration", "integration", "{9B33B869-24A2-4B02-A654-14FD2A73C936}"
EndProject
Project("{FAE04EC0-301F-11D3-BF4B-00C04F79EFBC}") = "Tradifai.Tests.Integration", "tests\integration\Tradifai.Tests.Integration\Tradifai.Tests.Integration.csproj", "{5A359295-FA61-41D6-B194-4FF6C2672B45}"
EndProject
Global
	GlobalSection(SolutionConfigurationPlatforms) = preSolution
		Debug|Any CPU = Debug|Any CPU
		Release|Any CPU = Release|Any CPU
	EndGlobalSection
	GlobalSection(SolutionProperties) = preSolution
		HideSolutionNode = FALSE
	EndGlobalSection
	GlobalSection(ProjectConfigurationPlatforms) = postSolution
		{552ED9D1-15EB-451D-941D-7F80CE2DA0D7}.Debug|Any CPU.ActiveCfg = Debug|Any CPU
		{552ED9D1-15EB-451D-941D-7F80CE2DA0D7}.Debug|Any CPU.Build.0 = Debug|Any CPU
		{552ED9D1-15EB-451D-941D-7F80CE2DA0D7}.Release|Any CPU.ActiveCfg = Release|Any CPU
		{552ED9D1-15EB-451D-941D-7F80CE2DA0D7}.Release|Any CPU.Build.0 = Release|Any CPU
		{111D418B-46C6-4901-AA12-0292F3D7ED42}.Debug|Any CPU.ActiveCfg = Debug|Any CPU
		{111D418B-46C6-4901-AA12-0292F3D7ED42}.Debug|Any CPU.Build.0 = Debug|Any CPU
		{111D418B-46C6-4901-AA12-0292F3D7ED42}.Release|Any CPU.ActiveCfg = Release|Any CPU
		{111D418B-46C6-4901-AA12-0292F3D7ED42}.Release|Any CPU.Build.0 = Release|Any CPU
		{775D0F3E-700C-4D90-98D0-E5ECBE60A454}.Debug|Any CPU.ActiveCfg = Debug|Any CPU
		{775D0F3E-700C-4D90-98D0-E5ECBE60A454}.Debug|Any CPU.Build.0 = Debug|Any CPU
		{775D0F3E-700C-4D90-98D0-E5ECBE60A454}.Release|Any CPU.ActiveCfg = Release|Any CPU
		{775D0F3E-700C-4D90-98D0-E5ECBE60A454}.Release|Any CPU.Build.0 = Release|Any CPU
		{0AF69653-0D9C-4B67-A1DF-67F435D70E4F}.Debug|Any CPU.ActiveCfg = Debug|Any CPU
		{0AF69653-0D9C-4B67-A1DF-67F435D70E4F}.Debug|Any CPU.Build.0 = Debug|Any CPU
		{0AF69653-0D9C-4B67-A1DF-67F435D70E4F}.Release|Any CPU.ActiveCfg = Release|Any CPU
		{0AF69653-0D9C-4B67-A1DF-67F435D70E4F}.Release|Any CPU.Build.0 = Release|Any CPU
		{6C09FEFC-0BE0-4F08-8E3A-A552F658AE5E}.Debug|Any CPU.ActiveCfg = Debug|Any CPU
		{6C09FEFC-0BE0-4F08-8E3A-A552F658AE5E}.Debug|Any CPU.Build.0 = Debug|Any CPU
		{6C09FEFC-0BE0-4F08-8E3A-A552F658AE5E}.Release|Any CPU.ActiveCfg = Release|Any CPU
		{6C09FEFC-0BE0-4F08-8E3A-A552F658AE5E}.Release|Any CPU.Build.0 = Release|Any CPU
		{8A9BE35D-96A1-48DC-BFA5-EEF52B125E62}.Debug|Any CPU.ActiveCfg = Debug|Any CPU
		{8A9BE35D-96A1-48DC-BFA5-EEF52B125E62}.Debug|Any CPU.Build.0 = Debug|Any CPU
		{8A9BE35D-96A1-48DC-BFA5-EEF52B125E62}.Release|Any CPU.ActiveCfg = Release|Any CPU
		{8A9BE35D-96A1-48DC-BFA5-EEF52B125E62}.Release|Any CPU.Build.0 = Release|Any CPU
		{A97C1498-36C2-4E9E-B1BD-A440B8CCC47A}.Debug|Any CPU.ActiveCfg = Debug|Any CPU
		{A97C1498-36C2-4E9E-B1BD-A440B8CCC47A}.Debug|Any CPU.Build.0 = Debug|Any CPU
		{A97C1498-36C2-4E9E-B1BD-A440B8CCC47A}.Release|Any CPU.ActiveCfg = Release|Any CPU
		{A97C1498-36C2-4E9E-B1BD-A440B8CCC47A}.Release|Any CPU.Build.0 = Release|Any CPU
		{52B20D47-118D-41E4-A369-CC7DF0351993}.Debug|Any CPU.ActiveCfg = Debug|Any CPU
		{52B20D47-118D-41E4-A369-CC7DF0351993}.Debug|Any CPU.Build.0 = Debug|Any CPU
		{52B20D47-118D-41E4-A369-CC7DF0351993}.Release|Any CPU.ActiveCfg = Release|Any CPU
		{52B20D47-118D-41E4-A369-CC7DF0351993}.Release|Any CPU.Build.0 = Release|Any CPU
		{93271912-8406-4260-A8A8-60E08D6E3C61}.Debug|Any CPU.ActiveCfg = Debug|Any CPU
		{93271912-8406-4260-A8A8-60E08D6E3C61}.Debug|Any CPU.Build.0 = Debug|Any CPU
		{93271912-8406-4260-A8A8-60E08D6E3C61}.Release|Any CPU.ActiveCfg = Release|Any CPU
		{93271912-8406-4260-A8A8-60E08D6E3C61}.Release|Any CPU.Build.0 = Release|Any CPU
		{8673D7F3-C209-425B-AB5F-1670743827F6}.Debug|Any CPU.ActiveCfg = Debug|Any CPU
		{8673D7F3-C209-425B-AB5F-1670743827F6}.Debug|Any CPU.Build.0 = Debug|Any CPU
		{8673D7F3-C209-425B-AB5F-1670743827F6}.Release|Any CPU.ActiveCfg = Release|Any CPU
		{8673D7F3-C209-425B-AB5F-1670743827F6}.Release|Any CPU.Build.0 = Release|Any CPU
		{014B75F1-38CA-48D2-8111-19607DFA6D7A}.Debug|Any CPU.ActiveCfg = Debug|Any CPU
		{014B75F1-38CA-48D2-8111-19607DFA6D7A}.Debug|Any CPU.Build.0 = Debug|Any CPU
		{014B75F1-38CA-48D2-8111-19607DFA6D7A}.Release|Any CPU.ActiveCfg = Release|Any CPU
		{014B75F1-38CA-48D2-8111-19607DFA6D7A}.Release|Any CPU.Build.0 = Release|Any CPU
		{5A359295-FA61-41D6-B194-4FF6C2672B45}.Debug|Any CPU.ActiveCfg = Debug|Any CPU
		{5A359295-FA61-41D6-B194-4FF6C2672B45}.Debug|Any CPU.Build.0 = Debug|Any CPU
		{5A359295-FA61-41D6-B194-4FF6C2672B45}.Release|Any CPU.ActiveCfg = Release|Any CPU
		{5A359295-FA61-41D6-B194-4FF6C2672B45}.Release|Any CPU.Build.0 = Release|Any CPU
	EndGlobalSection
	GlobalSection(NestedProjects) = preSolution
		{24D57BAE-301E-41C0-B0B8-437AAA6FE32F} = {329D5E6A-78ED-44D8-A54F-F15E0514AA83}
		{552ED9D1-15EB-451D-941D-7F80CE2DA0D7} = {24D57BAE-301E-41C0-B0B8-437AAA6FE32F}
		{E601E748-0C67-4F69-872F-54B423322BB9} = {4239B2DB-366F-43D2-836E-297BF58E320D}
		{C8A444C7-EC74-4A07-97D9-0ABB0623F2B4} = {E601E748-0C67-4F69-872F-54B423322BB9}
		{111D418B-46C6-4901-AA12-0292F3D7ED42} = {C8A444C7-EC74-4A07-97D9-0ABB0623F2B4}
		{7B9A50F8-24AC-47EE-AE86-60060E0A4776} = {E601E748-0C67-4F69-872F-54B423322BB9}
		{775D0F3E-700C-4D90-98D0-E5ECBE60A454} = {7B9A50F8-24AC-47EE-AE86-60060E0A4776}
		{FD54EBD4-91C0-477B-A409-135E879696FE} = {E601E748-0C67-4F69-872F-54B423322BB9}
		{0AF69653-0D9C-4B67-A1DF-67F435D70E4F} = {FD54EBD4-91C0-477B-A409-135E879696FE}
		{6D4128E9-86A1-4E18-AAA5-F4621AF9D5BE} = {E601E748-0C67-4F69-872F-54B423322BB9}
		{6C09FEFC-0BE0-4F08-8E3A-A552F658AE5E} = {6D4128E9-86A1-4E18-AAA5-F4621AF9D5BE}
		{77D4D4BC-9CCD-413F-BC49-320C3C6B3A28} = {E601E748-0C67-4F69-872F-54B423322BB9}
		{8A9BE35D-96A1-48DC-BFA5-EEF52B125E62} = {77D4D4BC-9CCD-413F-BC49-320C3C6B3A28}
		{52476DD0-502D-4479-9884-6FA4C711A5F1} = {E601E748-0C67-4F69-872F-54B423322BB9}
		{A97C1498-36C2-4E9E-B1BD-A440B8CCC47A} = {52476DD0-502D-4479-9884-6FA4C711A5F1}
		{E495361C-483E-4373-9871-DC4203927761} = {4239B2DB-366F-43D2-836E-297BF58E320D}
		{52B20D47-118D-41E4-A369-CC7DF0351993} = {E495361C-483E-4373-9871-DC4203927761}
		{46D4E24E-ABF9-4EB0-AAFF-8E5FDE4B60CF} = {4239B2DB-366F-43D2-836E-297BF58E320D}
		{93271912-8406-4260-A8A8-60E08D6E3C61} = {46D4E24E-ABF9-4EB0-AAFF-8E5FDE4B60CF}
		{A4F147FB-68C0-44C7-88D4-46F6195BBE46} = {4239B2DB-366F-43D2-836E-297BF58E320D}
		{8673D7F3-C209-425B-AB5F-1670743827F6} = {A4F147FB-68C0-44C7-88D4-46F6195BBE46}
		{4315A5D4-BA4E-4A5D-8CF4-A5652D1A9E83} = {8D841D99-A395-427F-A5D6-73D75AB146F5}
		{014B75F1-38CA-48D2-8111-19607DFA6D7A} = {4315A5D4-BA4E-4A5D-8CF4-A5652D1A9E83}
		{9B33B869-24A2-4B02-A654-14FD2A73C936} = {8D841D99-A395-427F-A5D6-73D75AB146F5}
		{5A359295-FA61-41D6-B194-4FF6C2672B45} = {9B33B869-24A2-4B02-A654-14FD2A73C936}
	EndGlobalSection
EndGlobal
